
Microsoft Visual Studio Solution File, Format Version 12.00
# Visual Studio Version 17
VisualStudioVersion = 17.7.34202.233
MinimumVisualStudioVersion = 10.0.40219.1
Project("{FAE04EC0-301F-11D3-BF4B-00C04F79EFBC}") = "ProjetoConsultorio", "ProjetoConsultorio\ProjetoConsultorio.csproj", "{921D11D2-C733-4E52-9BEF-5555B6EE11D9}"
EndProject
Global
	GlobalSection(SolutionConfigurationPlatforms) = preSolution
		Debug|Any CPU = Debug|Any CPU
		Release|Any CPU = Release|Any CPU
	EndGlobalSection
	GlobalSection(ProjectConfigurationPlatforms) = postSolution
		{921D11D2-C733-4E52-9BEF-5555B6EE11D9}.Debug|Any CPU.ActiveCfg = Debug|Any CPU
		{921D11D2-C733-4E52-9BEF-5555B6EE11D9}.Debug|Any CPU.Build.0 = Debug|Any CPU
		{921D11D2-C733-4E52-9BEF-5555B6EE11D9}.Release|Any CPU.ActiveCfg = Release|Any CPU
		{921D11D2-C733-4E52-9BEF-5555B6EE11D9}.Release|Any CPU.Build.0 = Release|Any CPU
	EndGlobalSection
	GlobalSection(SolutionProperties) = preSolution
		HideSolutionNode = FALSE
	EndGlobalSection
	GlobalSection(ExtensibilityGlobals) = postSolution
		SolutionGuid = {54E9B305-424D-40C8-A6EC-5AB4DD14BB23}
	EndGlobalSection
EndGlobal
